// !$*UTF8*$!
{
	archiveVersion = 1;
	classes = {
	};
	objectVersion = 56;
	objects = {

/* Begin PBXBuildFile section */
		B59C96792AE6614C00BE5D88 /* LandmarksApp.swift in Sources */ = {isa = PBXBuildFile; fileRef = B59C96782AE6614C00BE5D88 /* LandmarksApp.swift */; };
		B59C967B2AE6614C00BE5D88 /* ContentView.swift in Sources */ = {isa = PBXBuildFile; fileRef = B59C967A2AE6614C00BE5D88 /* ContentView.swift */; };
		B59C967D2AE6614C00BE5D88 /* Assets.xcassets in Resources */ = {isa = PBXBuildFile; fileRef = B59C967C2AE6614C00BE5D88 /* Assets.xcassets */; };
		B59C96802AE6614C00BE5D88 /* Preview Assets.xcassets in Resources */ = {isa = PBXBuildFile; fileRef = B59C967F2AE6614C00BE5D88 /* Preview Assets.xcassets */; };
		B59C968A2AE6614D00BE5D88 /* LandmarksTests.swift in Sources */ = {isa = PBXBuildFile; fileRef = B59C96892AE6614D00BE5D88 /* LandmarksTests.swift */; };
		B59C96942AE6614D00BE5D88 /* LandmarksUITests.swift in Sources */ = {isa = PBXBuildFile; fileRef = B59C96932AE6614D00BE5D88 /* LandmarksUITests.swift */; };
		B59C96962AE6614D00BE5D88 /* LandmarksUITestsLaunchTests.swift in Sources */ = {isa = PBXBuildFile; fileRef = B59C96952AE6614D00BE5D88 /* LandmarksUITestsLaunchTests.swift */; };
		B59C96A32AE6678D00BE5D88 /* CircleImage.swift in Sources */ = {isa = PBXBuildFile; fileRef = B59C96A22AE6678D00BE5D88 /* CircleImage.swift */; };
		B59C96A52AE668AB00BE5D88 /* MapView.swift in Sources */ = {isa = PBXBuildFile; fileRef = B59C96A42AE668AB00BE5D88 /* MapView.swift */; };
		B59C96A72AE66CFE00BE5D88 /* landmarkData.json in Resources */ = {isa = PBXBuildFile; fileRef = B59C96A62AE66CFE00BE5D88 /* landmarkData.json */; };
		B59C96A92AE66D3600BE5D88 /* Landmark.swift in Sources */ = {isa = PBXBuildFile; fileRef = B59C96A82AE66D3600BE5D88 /* Landmark.swift */; };
		B59C96C12AE66F1100BE5D88 /* ModelData.swift in Sources */ = {isa = PBXBuildFile; fileRef = B59C96C02AE66F1100BE5D88 /* ModelData.swift */; };
		B59C96C62AE6704900BE5D88 /* LandmarkRow.swift in Sources */ = {isa = PBXBuildFile; fileRef = B59C96C52AE6704900BE5D88 /* LandmarkRow.swift */; };
		B59C96C82AE672FD00BE5D88 /* LandmarkList.swift in Sources */ = {isa = PBXBuildFile; fileRef = B59C96C72AE672FD00BE5D88 /* LandmarkList.swift */; };
		B59C96CA2AE6746700BE5D88 /* LandmarkDetail.swift in Sources */ = {isa = PBXBuildFile; fileRef = B59C96C92AE6746700BE5D88 /* LandmarkDetail.swift */; };
		B59C96CC2AE67CA500BE5D88 /* FavoriteButton.swift in Sources */ = {isa = PBXBuildFile; fileRef = B59C96CB2AE67CA500BE5D88 /* FavoriteButton.swift */; };
		B59C96D02AE67E9500BE5D88 /* Landmark in Resources */ = {isa = PBXBuildFile; fileRef = B59C96CF2AE67E9400BE5D88 /* Landmark */; };
		B5D2CCA52AF9319900AB4D6A /* HexagonParameters.swift in Sources */ = {isa = PBXBuildFile; fileRef = B5D2CCA42AF9319900AB4D6A /* HexagonParameters.swift */; };
		B5D2CCA72AF9323900AB4D6A /* BadgeBackground.swift in Sources */ = {isa = PBXBuildFile; fileRef = B5D2CCA62AF9323900AB4D6A /* BadgeBackground.swift */; };
		B5D2CCA92AF9343D00AB4D6A /* BadgeSymbol.swift in Sources */ = {isa = PBXBuildFile; fileRef = B5D2CCA82AF9343D00AB4D6A /* BadgeSymbol.swift */; };
		B5D2CCAB2AF934A200AB4D6A /* RotatedBadgeSymbol.swift in Sources */ = {isa = PBXBuildFile; fileRef = B5D2CCAA2AF934A200AB4D6A /* RotatedBadgeSymbol.swift */; };
		B5D2CCAD2AF934ED00AB4D6A /* Badge.swift in Sources */ = {isa = PBXBuildFile; fileRef = B5D2CCAC2AF934ED00AB4D6A /* Badge.swift */; };
		B5D2CCB82AF9385000AB4D6A /* GraphCapsule.swift in Sources */ = {isa = PBXBuildFile; fileRef = B5D2CCB42AF9385000AB4D6A /* GraphCapsule.swift */; };
		B5D2CCB92AF9385000AB4D6A /* HikeGraph.swift in Sources */ = {isa = PBXBuildFile; fileRef = B5D2CCB52AF9385000AB4D6A /* HikeGraph.swift */; };
		B5D2CCBA2AF9385000AB4D6A /* HikeDetail.swift in Sources */ = {isa = PBXBuildFile; fileRef = B5D2CCB62AF9385000AB4D6A /* HikeDetail.swift */; };
		B5D2CCBB2AF9385000AB4D6A /* HikeView.swift in Sources */ = {isa = PBXBuildFile; fileRef = B5D2CCB72AF9385000AB4D6A /* HikeView.swift */; };
		B5D2CCBD2AF9386700AB4D6A /* hikeData.json in Resources */ = {isa = PBXBuildFile; fileRef = B5D2CCBC2AF9386700AB4D6A /* hikeData.json */; };
		B5D2CCBE2AF938DA00AB4D6A /* Hike.swift in Sources */ = {isa = PBXBuildFile; fileRef = B5D2CCB12AF937C900AB4D6A /* Hike.swift */; };
/* End PBXBuildFile section */

/* Begin PBXContainerItemProxy section */
		B59C96862AE6614D00BE5D88 /* PBXContainerItemProxy */ = {
			isa = PBXContainerItemProxy;
			containerPortal = B59C966D2AE6614C00BE5D88 /* Project object */;
			proxyType = 1;
			remoteGlobalIDString = B59C96742AE6614C00BE5D88;
			remoteInfo = Landmarks;
		};
		B59C96902AE6614D00BE5D88 /* PBXContainerItemProxy */ = {
			isa = PBXContainerItemProxy;
			containerPortal = B59C966D2AE6614C00BE5D88 /* Project object */;
			proxyType = 1;
			remoteGlobalIDString = B59C96742AE6614C00BE5D88;
			remoteInfo = Landmarks;
		};
/* End PBXContainerItemProxy section */

/* Begin PBXFileReference section */
		B59C96752AE6614C00BE5D88 /* Landmarks.app */ = {isa = PBXFileReference; explicitFileType = wrapper.application; includeInIndex = 0; path = Landmarks.app; sourceTree = BUILT_PRODUCTS_DIR; };
		B59C96782AE6614C00BE5D88 /* LandmarksApp.swift */ = {isa = PBXFileReference; lastKnownFileType = sourcecode.swift; path = LandmarksApp.swift; sourceTree = "<group>"; };
		B59C967A2AE6614C00BE5D88 /* ContentView.swift */ = {isa = PBXFileReference; lastKnownFileType = sourcecode.swift; path = ContentView.swift; sourceTree = "<group>"; };
		B59C967C2AE6614C00BE5D88 /* Assets.xcassets */ = {isa = PBXFileReference; lastKnownFileType = folder.assetcatalog; path = Assets.xcassets; sourceTree = "<group>"; };
		B59C967F2AE6614C00BE5D88 /* Preview Assets.xcassets */ = {isa = PBXFileReference; lastKnownFileType = folder.assetcatalog; path = "Preview Assets.xcassets"; sourceTree = "<group>"; };
		B59C96852AE6614D00BE5D88 /* LandmarksTests.xctest */ = {isa = PBXFileReference; explicitFileType = wrapper.cfbundle; includeInIndex = 0; path = LandmarksTests.xctest; sourceTree = BUILT_PRODUCTS_DIR; };
		B59C96892AE6614D00BE5D88 /* LandmarksTests.swift */ = {isa = PBXFileReference; lastKnownFileType = sourcecode.swift; path = LandmarksTests.swift; sourceTree = "<group>"; };
		B59C968F2AE6614D00BE5D88 /* LandmarksUITests.xctest */ = {isa = PBXFileReference; explicitFileType = wrapper.cfbundle; includeInIndex = 0; path = LandmarksUITests.xctest; sourceTree = BUILT_PRODUCTS_DIR; };
		B59C96932AE6614D00BE5D88 /* LandmarksUITests.swift */ = {isa = PBXFileReference; lastKnownFileType = sourcecode.swift; path = LandmarksUITests.swift; sourceTree = "<group>"; };
		B59C96952AE6614D00BE5D88 /* LandmarksUITestsLaunchTests.swift */ = {isa = PBXFileReference; lastKnownFileType = sourcecode.swift; path = LandmarksUITestsLaunchTests.swift; sourceTree = "<group>"; };
		B59C96A22AE6678D00BE5D88 /* CircleImage.swift */ = {isa = PBXFileReference; lastKnownFileType = sourcecode.swift; path = CircleImage.swift; sourceTree = "<group>"; };
		B59C96A42AE668AB00BE5D88 /* MapView.swift */ = {isa = PBXFileReference; lastKnownFileType = sourcecode.swift; path = MapView.swift; sourceTree = "<group>"; };
		B59C96A62AE66CFE00BE5D88 /* landmarkData.json */ = {isa = PBXFileReference; fileEncoding = 4; lastKnownFileType = text.json; path = landmarkData.json; sourceTree = "<group>"; };
		B59C96A82AE66D3600BE5D88 /* Landmark.swift */ = {isa = PBXFileReference; lastKnownFileType = sourcecode.swift; path = Landmark.swift; sourceTree = "<group>"; };
		B59C96C02AE66F1100BE5D88 /* ModelData.swift */ = {isa = PBXFileReference; lastKnownFileType = sourcecode.swift; path = ModelData.swift; sourceTree = "<group>"; };
		B59C96C52AE6704900BE5D88 /* LandmarkRow.swift */ = {isa = PBXFileReference; lastKnownFileType = sourcecode.swift; path = LandmarkRow.swift; sourceTree = "<group>"; };
		B59C96C72AE672FD00BE5D88 /* LandmarkList.swift */ = {isa = PBXFileReference; lastKnownFileType = sourcecode.swift; path = LandmarkList.swift; sourceTree = "<group>"; };
		B59C96C92AE6746700BE5D88 /* LandmarkDetail.swift */ = {isa = PBXFileReference; lastKnownFileType = sourcecode.swift; path = LandmarkDetail.swift; sourceTree = "<group>"; };
		B59C96CB2AE67CA500BE5D88 /* FavoriteButton.swift */ = {isa = PBXFileReference; lastKnownFileType = sourcecode.swift; path = FavoriteButton.swift; sourceTree = "<group>"; };
		B59C96CF2AE67E9400BE5D88 /* Landmark */ = {isa = PBXFileReference; lastKnownFileType = folder; path = Landmark; sourceTree = "<group>"; };
		B5D2CCA42AF9319900AB4D6A /* HexagonParameters.swift */ = {isa = PBXFileReference; lastKnownFileType = sourcecode.swift; path = HexagonParameters.swift; sourceTree = "<group>"; };
		B5D2CCA62AF9323900AB4D6A /* BadgeBackground.swift */ = {isa = PBXFileReference; lastKnownFileType = sourcecode.swift; path = BadgeBackground.swift; sourceTree = "<group>"; };
		B5D2CCA82AF9343D00AB4D6A /* BadgeSymbol.swift */ = {isa = PBXFileReference; lastKnownFileType = sourcecode.swift; path = BadgeSymbol.swift; sourceTree = "<group>"; };
		B5D2CCAA2AF934A200AB4D6A /* RotatedBadgeSymbol.swift */ = {isa = PBXFileReference; lastKnownFileType = sourcecode.swift; path = RotatedBadgeSymbol.swift; sourceTree = "<group>"; };
		B5D2CCAC2AF934ED00AB4D6A /* Badge.swift */ = {isa = PBXFileReference; lastKnownFileType = sourcecode.swift; path = Badge.swift; sourceTree = "<group>"; };
		B5D2CCB12AF937C900AB4D6A /* Hike.swift */ = {isa = PBXFileReference; lastKnownFileType = sourcecode.swift; path = Hike.swift; sourceTree = "<group>"; };
		B5D2CCB42AF9385000AB4D6A /* GraphCapsule.swift */ = {isa = PBXFileReference; fileEncoding = 4; lastKnownFileType = sourcecode.swift; path = GraphCapsule.swift; sourceTree = "<group>"; };
		B5D2CCB52AF9385000AB4D6A /* HikeGraph.swift */ = {isa = PBXFileReference; fileEncoding = 4; lastKnownFileType = sourcecode.swift; path = HikeGraph.swift; sourceTree = "<group>"; };
		B5D2CCB62AF9385000AB4D6A /* HikeDetail.swift */ = {isa = PBXFileReference; fileEncoding = 4; lastKnownFileType = sourcecode.swift; path = HikeDetail.swift; sourceTree = "<group>"; };
		B5D2CCB72AF9385000AB4D6A /* HikeView.swift */ = {isa = PBXFileReference; fileEncoding = 4; lastKnownFileType = sourcecode.swift; path = HikeView.swift; sourceTree = "<group>"; };
		B5D2CCBC2AF9386700AB4D6A /* hikeData.json */ = {isa = PBXFileReference; fileEncoding = 4; lastKnownFileType = text.json; path = hikeData.json; sourceTree = "<group>"; };
/* End PBXFileReference section */

/* Begin PBXFrameworksBuildPhase section */
		B59C96722AE6614C00BE5D88 /* Frameworks */ = {
			isa = PBXFrameworksBuildPhase;
			buildActionMask = 2147483647;
			files = (
			);
			runOnlyForDeploymentPostprocessing = 0;
		};
		B59C96822AE6614D00BE5D88 /* Frameworks */ = {
			isa = PBXFrameworksBuildPhase;
			buildActionMask = 2147483647;
			files = (
			);
			runOnlyForDeploymentPostprocessing = 0;
		};
		B59C968C2AE6614D00BE5D88 /* Frameworks */ = {
			isa = PBXFrameworksBuildPhase;
			buildActionMask = 2147483647;
			files = (
			);
			runOnlyForDeploymentPostprocessing = 0;
		};
/* End PBXFrameworksBuildPhase section */

/* Begin PBXGroup section */
		B59C966C2AE6614C00BE5D88 = {
			isa = PBXGroup;
			children = (
				B5D2CCAE2AF9356F00AB4D6A /* Badges */,
				B59C96772AE6614C00BE5D88 /* Landmarks */,
				B59C96CE2AE67D0A00BE5D88 /* Helper */,
				B59C96C22AE66F6900BE5D88 /* Views */,
				B59C96C42AE66FB100BE5D88 /* Model */,
				B59C96C32AE66F7400BE5D88 /* Resources */,
				B59C96882AE6614D00BE5D88 /* LandmarksTests */,
				B59C96922AE6614D00BE5D88 /* LandmarksUITests */,
				B59C96762AE6614C00BE5D88 /* Products */,
			);
			sourceTree = "<group>";
		};
		B59C96762AE6614C00BE5D88 /* Products */ = {
			isa = PBXGroup;
			children = (
				B59C96752AE6614C00BE5D88 /* Landmarks.app */,
				B59C96852AE6614D00BE5D88 /* LandmarksTests.xctest */,
				B59C968F2AE6614D00BE5D88 /* LandmarksUITests.xctest */,
			);
			name = Products;
			sourceTree = "<group>";
		};
		B59C96772AE6614C00BE5D88 /* Landmarks */ = {
			isa = PBXGroup;
			children = (
				B59C96782AE6614C00BE5D88 /* LandmarksApp.swift */,
				B59C96C92AE6746700BE5D88 /* LandmarkDetail.swift */,
				B59C96C52AE6704900BE5D88 /* LandmarkRow.swift */,
				B59C96C72AE672FD00BE5D88 /* LandmarkList.swift */,
				B59C967C2AE6614C00BE5D88 /* Assets.xcassets */,
				B5D2CCA82AF9343D00AB4D6A /* BadgeSymbol.swift */,
				B59C967E2AE6614C00BE5D88 /* Preview Content */,
			);
			path = Landmarks;
			sourceTree = "<group>";
		};
		B59C967E2AE6614C00BE5D88 /* Preview Content */ = {
			isa = PBXGroup;
			children = (
				B59C967F2AE6614C00BE5D88 /* Preview Assets.xcassets */,
			);
			path = "Preview Content";
			sourceTree = "<group>";
		};
		B59C96882AE6614D00BE5D88 /* LandmarksTests */ = {
			isa = PBXGroup;
			children = (
				B59C96892AE6614D00BE5D88 /* LandmarksTests.swift */,
			);
			path = LandmarksTests;
			sourceTree = "<group>";
		};
		B59C96922AE6614D00BE5D88 /* LandmarksUITests */ = {
			isa = PBXGroup;
			children = (
				B59C96CF2AE67E9400BE5D88 /* Landmark */,
				B59C96932AE6614D00BE5D88 /* LandmarksUITests.swift */,
				B59C96952AE6614D00BE5D88 /* LandmarksUITestsLaunchTests.swift */,
			);
			path = LandmarksUITests;
			sourceTree = "<group>";
		};
		B59C96C22AE66F6900BE5D88 /* Views */ = {
			isa = PBXGroup;
			children = (
				B59C967A2AE6614C00BE5D88 /* ContentView.swift */,
				B5D2CCB32AF9385000AB4D6A /* Hikes */,
			);
			path = Views;
			sourceTree = "<group>";
		};
		B59C96C32AE66F7400BE5D88 /* Resources */ = {
			isa = PBXGroup;
			children = (
				B59C96A62AE66CFE00BE5D88 /* landmarkData.json */,
				B5D2CCBC2AF9386700AB4D6A /* hikeData.json */,
			);
			path = Resources;
			sourceTree = "<group>";
		};
		B59C96C42AE66FB100BE5D88 /* Model */ = {
			isa = PBXGroup;
			children = (
				B59C96A82AE66D3600BE5D88 /* Landmark.swift */,
				B5D2CCB12AF937C900AB4D6A /* Hike.swift */,
				B59C96C02AE66F1100BE5D88 /* ModelData.swift */,
			);
			path = Model;
			sourceTree = "<group>";
		};
		B59C96CE2AE67D0A00BE5D88 /* Helper */ = {
			isa = PBXGroup;
			children = (
				B59C96A22AE6678D00BE5D88 /* CircleImage.swift */,
				B59C96A42AE668AB00BE5D88 /* MapView.swift */,
				B59C96CB2AE67CA500BE5D88 /* FavoriteButton.swift */,
			);
			path = Helper;
			sourceTree = "<group>";
		};
		B5D2CCAE2AF9356F00AB4D6A /* Badges */ = {
			isa = PBXGroup;
			children = (
				B5D2CCAC2AF934ED00AB4D6A /* Badge.swift */,
				B5D2CCAA2AF934A200AB4D6A /* RotatedBadgeSymbol.swift */,
				B5D2CCA62AF9323900AB4D6A /* BadgeBackground.swift */,
				B5D2CCA42AF9319900AB4D6A /* HexagonParameters.swift */,
			);
			path = Badges;
			sourceTree = "<group>";
		};
		B5D2CCB32AF9385000AB4D6A /* Hikes */ = {
			isa = PBXGroup;
			children = (
				B5D2CCB42AF9385000AB4D6A /* GraphCapsule.swift */,
				B5D2CCB52AF9385000AB4D6A /* HikeGraph.swift */,
				B5D2CCB62AF9385000AB4D6A /* HikeDetail.swift */,
				B5D2CCB72AF9385000AB4D6A /* HikeView.swift */,
			);
			path = Hikes;
			sourceTree = "<group>";
		};
/* End PBXGroup section */

/* Begin PBXNativeTarget section */
		B59C96742AE6614C00BE5D88 /* Landmarks */ = {
			isa = PBXNativeTarget;
			buildConfigurationList = B59C96992AE6614D00BE5D88 /* Build configuration list for PBXNativeTarget "Landmarks" */;
			buildPhases = (
				B59C96712AE6614C00BE5D88 /* Sources */,
				B59C96722AE6614C00BE5D88 /* Frameworks */,
				B59C96732AE6614C00BE5D88 /* Resources */,
			);
			buildRules = (
			);
			dependencies = (
			);
			name = Landmarks;
			productName = Landmarks;
			productReference = B59C96752AE6614C00BE5D88 /* Landmarks.app */;
			productType = "com.apple.product-type.application";
		};
		B59C96842AE6614D00BE5D88 /* LandmarksTests */ = {
			isa = PBXNativeTarget;
			buildConfigurationList = B59C969C2AE6614D00BE5D88 /* Build configuration list for PBXNativeTarget "LandmarksTests" */;
			buildPhases = (
				B59C96812AE6614D00BE5D88 /* Sources */,
				B59C96822AE6614D00BE5D88 /* Frameworks */,
				B59C96832AE6614D00BE5D88 /* Resources */,
			);
			buildRules = (
			);
			dependencies = (
				B59C96872AE6614D00BE5D88 /* PBXTargetDependency */,
			);
			name = LandmarksTests;
			productName = LandmarksTests;
			productReference = B59C96852AE6614D00BE5D88 /* LandmarksTests.xctest */;
			productType = "com.apple.product-type.bundle.unit-test";
		};
		B59C968E2AE6614D00BE5D88 /* LandmarksUITests */ = {
			isa = PBXNativeTarget;
			buildConfigurationList = B59C969F2AE6614D00BE5D88 /* Build configuration list for PBXNativeTarget "LandmarksUITests" */;
			buildPhases = (
				B59C968B2AE6614D00BE5D88 /* Sources */,
				B59C968C2AE6614D00BE5D88 /* Frameworks */,
				B59C968D2AE6614D00BE5D88 /* Resources */,
			);
			buildRules = (
			);
			dependencies = (
				B59C96912AE6614D00BE5D88 /* PBXTargetDependency */,
			);
			name = LandmarksUITests;
			productName = LandmarksUITests;
			productReference = B59C968F2AE6614D00BE5D88 /* LandmarksUITests.xctest */;
			productType = "com.apple.product-type.bundle.ui-testing";
		};
/* End PBXNativeTarget section */

/* Begin PBXProject section */
		B59C966D2AE6614C00BE5D88 /* Project object */ = {
			isa = PBXProject;
			attributes = {
				BuildIndependentTargetsInParallel = 1;
				LastSwiftUpdateCheck = 1500;
				LastUpgradeCheck = 1500;
				TargetAttributes = {
					B59C96742AE6614C00BE5D88 = {
						CreatedOnToolsVersion = 15.0;
					};
					B59C96842AE6614D00BE5D88 = {
						CreatedOnToolsVersion = 15.0;
						TestTargetID = B59C96742AE6614C00BE5D88;
					};
					B59C968E2AE6614D00BE5D88 = {
						CreatedOnToolsVersion = 15.0;
						TestTargetID = B59C96742AE6614C00BE5D88;
					};
				};
			};
			buildConfigurationList = B59C96702AE6614C00BE5D88 /* Build configuration list for PBXProject "Landmarks" */;
			compatibilityVersion = "Xcode 14.0";
			developmentRegion = en;
			hasScannedForEncodings = 0;
			knownRegions = (
				en,
				Base,
			);
			mainGroup = B59C966C2AE6614C00BE5D88;
			productRefGroup = B59C96762AE6614C00BE5D88 /* Products */;
			projectDirPath = "";
			projectRoot = "";
			targets = (
				B59C96742AE6614C00BE5D88 /* Landmarks */,
				B59C96842AE6614D00BE5D88 /* LandmarksTests */,
				B59C968E2AE6614D00BE5D88 /* LandmarksUITests */,
			);
		};
/* End PBXProject section */

/* Begin PBXResourcesBuildPhase section */
		B59C96732AE6614C00BE5D88 /* Resources */ = {
			isa = PBXResourcesBuildPhase;
			buildActionMask = 2147483647;
			files = (
				B59C96802AE6614C00BE5D88 /* Preview Assets.xcassets in Resources */,
				B59C967D2AE6614C00BE5D88 /* Assets.xcassets in Resources */,
				B59C96D02AE67E9500BE5D88 /* Landmark in Resources */,
				B59C96A72AE66CFE00BE5D88 /* landmarkData.json in Resources */,
				B5D2CCBD2AF9386700AB4D6A /* hikeData.json in Resources */,
			);
			runOnlyForDeploymentPostprocessing = 0;
		};
		B59C96832AE6614D00BE5D88 /* Resources */ = {
			isa = PBXResourcesBuildPhase;
			buildActionMask = 2147483647;
			files = (
			);
			runOnlyForDeploymentPostprocessing = 0;
		};
		B59C968D2AE6614D00BE5D88 /* Resources */ = {
			isa = PBXResourcesBuildPhase;
			buildActionMask = 2147483647;
			files = (
			);
			runOnlyForDeploymentPostprocessing = 0;
		};
/* End PBXResourcesBuildPhase section */

/* Begin PBXSourcesBuildPhase section */
		B59C96712AE6614C00BE5D88 /* Sources */ = {
			isa = PBXSourcesBuildPhase;
			buildActionMask = 2147483647;
			files = (
				B59C967B2AE6614C00BE5D88 /* ContentView.swift in Sources */,
				B5D2CCAD2AF934ED00AB4D6A /* Badge.swift in Sources */,
				B59C96A52AE668AB00BE5D88 /* MapView.swift in Sources */,
				B59C96792AE6614C00BE5D88 /* LandmarksApp.swift in Sources */,
				B5D2CCBB2AF9385000AB4D6A /* HikeView.swift in Sources */,
				B59C96CC2AE67CA500BE5D88 /* FavoriteButton.swift in Sources */,
				B5D2CCA52AF9319900AB4D6A /* HexagonParameters.swift in Sources */,
				B5D2CCAB2AF934A200AB4D6A /* RotatedBadgeSymbol.swift in Sources */,
				B5D2CCA92AF9343D00AB4D6A /* BadgeSymbol.swift in Sources */,
				B59C96C82AE672FD00BE5D88 /* LandmarkList.swift in Sources */,
				B5D2CCBE2AF938DA00AB4D6A /* Hike.swift in Sources */,
				B59C96CA2AE6746700BE5D88 /* LandmarkDetail.swift in Sources */,
				B5D2CCA72AF9323900AB4D6A /* BadgeBackground.swift in Sources */,
				B5D2CCBA2AF9385000AB4D6A /* HikeDetail.swift in Sources */,
				B59C96A32AE6678D00BE5D88 /* CircleImage.swift in Sources */,
				B5D2CCB82AF9385000AB4D6A /* GraphCapsule.swift in Sources */,
				B59C96A92AE66D3600BE5D88 /* Landmark.swift in Sources */,
				B59C96C62AE6704900BE5D88 /* LandmarkRow.swift in Sources */,
				B59C96C12AE66F1100BE5D88 /* ModelData.swift in Sources */,
				B5D2CCB92AF9385000AB4D6A /* HikeGraph.swift in Sources */,
			);
			runOnlyForDeploymentPostprocessing = 0;
		};
		B59C96812AE6614D00BE5D88 /* Sources */ = {
			isa = PBXSourcesBuildPhase;
			buildActionMask = 2147483647;
			files = (
				B59C968A2AE6614D00BE5D88 /* LandmarksTests.swift in Sources */,
			);
			runOnlyForDeploymentPostprocessing = 0;
		};
		B59C968B2AE6614D00BE5D88 /* Sources */ = {
			isa = PBXSourcesBuildPhase;
			buildActionMask = 2147483647;
			files = (
				B59C96962AE6614D00BE5D88 /* LandmarksUITestsLaunchTests.swift in Sources */,
				B59C96942AE6614D00BE5D88 /* LandmarksUITests.swift in Sources */,
			);
			runOnlyForDeploymentPostprocessing = 0;
		};
/* End PBXSourcesBuildPhase section */

/* Begin PBXTargetDependency section */
		B59C96872AE6614D00BE5D88 /* PBXTargetDependency */ = {
			isa = PBXTargetDependency;
			target = B59C96742AE6614C00BE5D88 /* Landmarks */;
			targetProxy = B59C96862AE6614D00BE5D88 /* PBXContainerItemProxy */;
		};
		B59C96912AE6614D00BE5D88 /* PBXTargetDependency */ = {
			isa = PBXTargetDependency;
			target = B59C96742AE6614C00BE5D88 /* Landmarks */;
			targetProxy = B59C96902AE6614D00BE5D88 /* PBXContainerItemProxy */;
		};
/* End PBXTargetDependency section */

/* Begin XCBuildConfiguration section */
		B59C96972AE6614D00BE5D88 /* Debug */ = {
			isa = XCBuildConfiguration;
			buildSettings = {
				ALWAYS_SEARCH_USER_PATHS = NO;
				ASSETCATALOG_COMPILER_GENERATE_SWIFT_ASSET_SYMBOL_EXTENSIONS = YES;
				CLANG_ANALYZER_NONNULL = YES;
				CLANG_ANALYZER_NUMBER_OBJECT_CONVERSION = YES_AGGRESSIVE;
				CLANG_CXX_LANGUAGE_STANDARD = "gnu++20";
				CLANG_ENABLE_MODULES = YES;
				CLANG_ENABLE_OBJC_ARC = YES;
				CLANG_ENABLE_OBJC_WEAK = YES;
				CLANG_WARN_BLOCK_CAPTURE_AUTORELEASING = YES;
				CLANG_WARN_BOOL_CONVERSION = YES;
				CLANG_WARN_COMMA = YES;
				CLANG_WARN_CONSTANT_CONVERSION = YES;
				CLANG_WARN_DEPRECATED_OBJC_IMPLEMENTATIONS = YES;
				CLANG_WARN_DIRECT_OBJC_ISA_USAGE = YES_ERROR;
				CLANG_WARN_DOCUMENTATION_COMMENTS = YES;
				CLANG_WARN_EMPTY_BODY = YES;
				CLANG_WARN_ENUM_CONVERSION = YES;
				CLANG_WARN_INFINITE_RECURSION = YES;
				CLANG_WARN_INT_CONVERSION = YES;
				CLANG_WARN_NON_LITERAL_NULL_CONVERSION = YES;
				CLANG_WARN_OBJC_IMPLICIT_RETAIN_SELF = YES;
				CLANG_WARN_OBJC_LITERAL_CONVERSION = YES;
				CLANG_WARN_OBJC_ROOT_CLASS = YES_ERROR;
				CLANG_WARN_QUOTED_INCLUDE_IN_FRAMEWORK_HEADER = YES;
				CLANG_WARN_RANGE_LOOP_ANALYSIS = YES;
				CLANG_WARN_STRICT_PROTOTYPES = YES;
				CLANG_WARN_SUSPICIOUS_MOVE = YES;
				CLANG_WARN_UNGUARDED_AVAILABILITY = YES_AGGRESSIVE;
				CLANG_WARN_UNREACHABLE_CODE = YES;
				CLANG_WARN__DUPLICATE_METHOD_MATCH = YES;
				COPY_PHASE_STRIP = NO;
				DEBUG_INFORMATION_FORMAT = dwarf;
				ENABLE_STRICT_OBJC_MSGSEND = YES;
				ENABLE_TESTABILITY = YES;
				ENABLE_USER_SCRIPT_SANDBOXING = YES;
				GCC_C_LANGUAGE_STANDARD = gnu17;
				GCC_DYNAMIC_NO_PIC = NO;
				GCC_NO_COMMON_BLOCKS = YES;
				GCC_OPTIMIZATION_LEVEL = 0;
				GCC_PREPROCESSOR_DEFINITIONS = (
					"DEBUG=1",
					"$(inherited)",
				);
				GCC_WARN_64_TO_32_BIT_CONVERSION = YES;
				GCC_WARN_ABOUT_RETURN_TYPE = YES_ERROR;
				GCC_WARN_UNDECLARED_SELECTOR = YES;
				GCC_WARN_UNINITIALIZED_AUTOS = YES_AGGRESSIVE;
				GCC_WARN_UNUSED_FUNCTION = YES;
				GCC_WARN_UNUSED_VARIABLE = YES;
				IPHONEOS_DEPLOYMENT_TARGET = 17.0;
				LOCALIZATION_PREFERS_STRING_CATALOGS = YES;
				MTL_ENABLE_DEBUG_INFO = INCLUDE_SOURCE;
				MTL_FAST_MATH = YES;
				ONLY_ACTIVE_ARCH = YES;
				SDKROOT = iphoneos;
				SWIFT_ACTIVE_COMPILATION_CONDITIONS = "DEBUG $(inherited)";
				SWIFT_OPTIMIZATION_LEVEL = "-Onone";
			};
			name = Debug;
		};
		B59C96982AE6614D00BE5D88 /* Release */ = {
			isa = XCBuildConfiguration;
			buildSettings = {
				ALWAYS_SEARCH_USER_PATHS = NO;
				ASSETCATALOG_COMPILER_GENERATE_SWIFT_ASSET_SYMBOL_EXTENSIONS = YES;
				CLANG_ANALYZER_NONNULL = YES;
				CLANG_ANALYZER_NUMBER_OBJECT_CONVERSION = YES_AGGRESSIVE;
				CLANG_CXX_LANGUAGE_STANDARD = "gnu++20";
				CLANG_ENABLE_MODULES = YES;
				CLANG_ENABLE_OBJC_ARC = YES;
				CLANG_ENABLE_OBJC_WEAK = YES;
				CLANG_WARN_BLOCK_CAPTURE_AUTORELEASING = YES;
				CLANG_WARN_BOOL_CONVERSION = YES;
				CLANG_WARN_COMMA = YES;
				CLANG_WARN_CONSTANT_CONVERSION = YES;
				CLANG_WARN_DEPRECATED_OBJC_IMPLEMENTATIONS = YES;
				CLANG_WARN_DIRECT_OBJC_ISA_USAGE = YES_ERROR;
				CLANG_WARN_DOCUMENTATION_COMMENTS = YES;
				CLANG_WARN_EMPTY_BODY = YES;
				CLANG_WARN_ENUM_CONVERSION = YES;
				CLANG_WARN_INFINITE_RECURSION = YES;
				CLANG_WARN_INT_CONVERSION = YES;
				CLANG_WARN_NON_LITERAL_NULL_CONVERSION = YES;
				CLANG_WARN_OBJC_IMPLICIT_RETAIN_SELF = YES;
				CLANG_WARN_OBJC_LITERAL_CONVERSION = YES;
				CLANG_WARN_OBJC_ROOT_CLASS = YES_ERROR;
				CLANG_WARN_QUOTED_INCLUDE_IN_FRAMEWORK_HEADER = YES;
				CLANG_WARN_RANGE_LOOP_ANALYSIS = YES;
				CLANG_WARN_STRICT_PROTOTYPES = YES;
				CLANG_WARN_SUSPICIOUS_MOVE = YES;
				CLANG_WARN_UNGUARDED_AVAILABILITY = YES_AGGRESSIVE;
				CLANG_WARN_UNREACHABLE_CODE = YES;
				CLANG_WARN__DUPLICATE_METHOD_MATCH = YES;
				COPY_PHASE_STRIP = NO;
				DEBUG_INFORMATION_FORMAT = "dwarf-with-dsym";
				ENABLE_NS_ASSERTIONS = NO;
				ENABLE_STRICT_OBJC_MSGSEND = YES;
				ENABLE_USER_SCRIPT_SANDBOXING = YES;
				GCC_C_LANGUAGE_STANDARD = gnu17;
				GCC_NO_COMMON_BLOCKS = YES;
				GCC_WARN_64_TO_32_BIT_CONVERSION = YES;
				GCC_WARN_ABOUT_RETURN_TYPE = YES_ERROR;
				GCC_WARN_UNDECLARED_SELECTOR = YES;
				GCC_WARN_UNINITIALIZED_AUTOS = YES_AGGRESSIVE;
				GCC_WARN_UNUSED_FUNCTION = YES;
				GCC_WARN_UNUSED_VARIABLE = YES;
				IPHONEOS_DEPLOYMENT_TARGET = 17.0;
				LOCALIZATION_PREFERS_STRING_CATALOGS = YES;
				MTL_ENABLE_DEBUG_INFO = NO;
				MTL_FAST_MATH = YES;
				SDKROOT = iphoneos;
				SWIFT_COMPILATION_MODE = wholemodule;
				VALIDATE_PRODUCT = YES;
			};
			name = Release;
		};
		B59C969A2AE6614D00BE5D88 /* Debug */ = {
			isa = XCBuildConfiguration;
			buildSettings = {
				ASSETCATALOG_COMPILER_APPICON_NAME = AppIcon;
				ASSETCATALOG_COMPILER_GLOBAL_ACCENT_COLOR_NAME = AccentColor;
				CODE_SIGN_STYLE = Automatic;
				CURRENT_PROJECT_VERSION = 1;
				DEVELOPMENT_ASSET_PATHS = "\"Landmarks/Preview Content\"";
				ENABLE_PREVIEWS = YES;
				GENERATE_INFOPLIST_FILE = YES;
				INFOPLIST_KEY_UIApplicationSceneManifest_Generation = YES;
				INFOPLIST_KEY_UIApplicationSupportsIndirectInputEvents = YES;
				INFOPLIST_KEY_UILaunchScreen_Generation = YES;
				INFOPLIST_KEY_UISupportedInterfaceOrientations_iPad = "UIInterfaceOrientationPortrait UIInterfaceOrientationPortraitUpsideDown UIInterfaceOrientationLandscapeLeft UIInterfaceOrientationLandscapeRight";
				INFOPLIST_KEY_UISupportedInterfaceOrientations_iPhone = "UIInterfaceOrientationPortrait UIInterfaceOrientationLandscapeLeft UIInterfaceOrientationLandscapeRight";
				IPHONEOS_DEPLOYMENT_TARGET = 17.0;
				LD_RUNPATH_SEARCH_PATHS = (
					"$(inherited)",
					"@executable_path/Frameworks",
				);
				MARKETING_VERSION = 1.0;
				PRODUCT_BUNDLE_IDENTIFIER = teste.Landmarks;
				PRODUCT_NAME = "$(TARGET_NAME)";
				SWIFT_EMIT_LOC_STRINGS = YES;
				SWIFT_VERSION = 5.0;
				TARGETED_DEVICE_FAMILY = "1,2";
			};
			name = Debug;
		};
		B59C969B2AE6614D00BE5D88 /* Release */ = {
			isa = XCBuildConfiguration;
			buildSettings = {
				ASSETCATALOG_COMPILER_APPICON_NAME = AppIcon;
				ASSETCATALOG_COMPILER_GLOBAL_ACCENT_COLOR_NAME = AccentColor;
				CODE_SIGN_STYLE = Automatic;
				CURRENT_PROJECT_VERSION = 1;
				DEVELOPMENT_ASSET_PATHS = "\"Landmarks/Preview Content\"";
				ENABLE_PREVIEWS = YES;
				GENERATE_INFOPLIST_FILE = YES;
				INFOPLIST_KEY_UIApplicationSceneManifest_Generation = YES;
				INFOPLIST_KEY_UIApplicationSupportsIndirectInputEvents = YES;
				INFOPLIST_KEY_UILaunchScreen_Generation = YES;
				INFOPLIST_KEY_UISupportedInterfaceOrientations_iPad = "UIInterfaceOrientationPortrait UIInterfaceOrientationPortraitUpsideDown UIInterfaceOrientationLandscapeLeft UIInterfaceOrientationLandscapeRight";
				INFOPLIST_KEY_UISupportedInterfaceOrientations_iPhone = "UIInterfaceOrientationPortrait UIInterfaceOrientationLandscapeLeft UIInterfaceOrientationLandscapeRight";
				IPHONEOS_DEPLOYMENT_TARGET = 17.0;
				LD_RUNPATH_SEARCH_PATHS = (
					"$(inherited)",
					"@executable_path/Frameworks",
				);
				MARKETING_VERSION = 1.0;
				PRODUCT_BUNDLE_IDENTIFIER = teste.Landmarks;
				PRODUCT_NAME = "$(TARGET_NAME)";
				SWIFT_EMIT_LOC_STRINGS = YES;
				SWIFT_VERSION = 5.0;
				TARGETED_DEVICE_FAMILY = "1,2";
			};
			name = Release;
		};
		B59C969D2AE6614D00BE5D88 /* Debug */ = {
			isa = XCBuildConfiguration;
			buildSettings = {
				ALWAYS_EMBED_SWIFT_STANDARD_LIBRARIES = YES;
				BUNDLE_LOADER = "$(TEST_HOST)";
				CODE_SIGN_STYLE = Automatic;
				CURRENT_PROJECT_VERSION = 1;
				GENERATE_INFOPLIST_FILE = YES;
				IPHONEOS_DEPLOYMENT_TARGET = 17.0;
				MARKETING_VERSION = 1.0;
				PRODUCT_BUNDLE_IDENTIFIER = teste.LandmarksTests;
				PRODUCT_NAME = "$(TARGET_NAME)";
				SWIFT_EMIT_LOC_STRINGS = NO;
				SWIFT_VERSION = 5.0;
				TARGETED_DEVICE_FAMILY = "1,2";
				TEST_HOST = "$(BUILT_PRODUCTS_DIR)/Landmarks.app/$(BUNDLE_EXECUTABLE_FOLDER_PATH)/Landmarks";
			};
			name = Debug;
		};
		B59C969E2AE6614D00BE5D88 /* Release */ = {
			isa = XCBuildConfiguration;
			buildSettings = {
				ALWAYS_EMBED_SWIFT_STANDARD_LIBRARIES = YES;
				BUNDLE_LOADER = "$(TEST_HOST)";
				CODE_SIGN_STYLE = Automatic;
				CURRENT_PROJECT_VERSION = 1;
				GENERATE_INFOPLIST_FILE = YES;
				IPHONEOS_DEPLOYMENT_TARGET = 17.0;
				MARKETING_VERSION = 1.0;
				PRODUCT_BUNDLE_IDENTIFIER = teste.LandmarksTests;
				PRODUCT_NAME = "$(TARGET_NAME)";
				SWIFT_EMIT_LOC_STRINGS = NO;
				SWIFT_VERSION = 5.0;
				TARGETED_DEVICE_FAMILY = "1,2";
				TEST_HOST = "$(BUILT_PRODUCTS_DIR)/Landmarks.app/$(BUNDLE_EXECUTABLE_FOLDER_PATH)/Landmarks";
			};
			name = Release;
		};
		B59C96A02AE6614D00BE5D88 /* Debug */ = {
			isa = XCBuildConfiguration;
			buildSettings = {
				ALWAYS_EMBED_SWIFT_STANDARD_LIBRARIES = YES;
				CODE_SIGN_STYLE = Automatic;
				CURRENT_PROJECT_VERSION = 1;
				GENERATE_INFOPLIST_FILE = YES;
				MARKETING_VERSION = 1.0;
				PRODUCT_BUNDLE_IDENTIFIER = teste.LandmarksUITests;
				PRODUCT_NAME = "$(TARGET_NAME)";
				SWIFT_EMIT_LOC_STRINGS = NO;
				SWIFT_VERSION = 5.0;
				TARGETED_DEVICE_FAMILY = "1,2";
				TEST_TARGET_NAME = Landmarks;
			};
			name = Debug;
		};
		B59C96A12AE6614D00BE5D88 /* Release */ = {
			isa = XCBuildConfiguration;
			buildSettings = {
				ALWAYS_EMBED_SWIFT_STANDARD_LIBRARIES = YES;
				CODE_SIGN_STYLE = Automatic;
				CURRENT_PROJECT_VERSION = 1;
				GENERATE_INFOPLIST_FILE = YES;
				MARKETING_VERSION = 1.0;
				PRODUCT_BUNDLE_IDENTIFIER = teste.LandmarksUITests;
				PRODUCT_NAME = "$(TARGET_NAME)";
				SWIFT_EMIT_LOC_STRINGS = NO;
				SWIFT_VERSION = 5.0;
				TARGETED_DEVICE_FAMILY = "1,2";
				TEST_TARGET_NAME = Landmarks;
			};
			name = Release;
		};
/* End XCBuildConfiguration section */

/* Begin XCConfigurationList section */
		B59C96702AE6614C00BE5D88 /* Build configuration list for PBXProject "Landmarks" */ = {
			isa = XCConfigurationList;
			buildConfigurations = (
				B59C96972AE6614D00BE5D88 /* Debug */,
				B59C96982AE6614D00BE5D88 /* Release */,
			);
			defaultConfigurationIsVisible = 0;
			defaultConfigurationName = Release;
		};
		B59C96992AE6614D00BE5D88 /* Build configuration list for PBXNativeTarget "Landmarks" */ = {
			isa = XCConfigurationList;
			buildConfigurations = (
				B59C969A2AE6614D00BE5D88 /* Debug */,
				B59C969B2AE6614D00BE5D88 /* Release */,
			);
			defaultConfigurationIsVisible = 0;
			defaultConfigurationName = Release;
		};
		B59C969C2AE6614D00BE5D88 /* Build configuration list for PBXNativeTarget "LandmarksTests" */ = {
			isa = XCConfigurationList;
			buildConfigurations = (
				B59C969D2AE6614D00BE5D88 /* Debug */,
				B59C969E2AE6614D00BE5D88 /* Release */,
			);
			defaultConfigurationIsVisible = 0;
			defaultConfigurationName = Release;
		};
		B59C969F2AE6614D00BE5D88 /* Build configuration list for PBXNativeTarget "LandmarksUITests" */ = {
			isa = XCConfigurationList;
			buildConfigurations = (
				B59C96A02AE6614D00BE5D88 /* Debug */,
				B59C96A12AE6614D00BE5D88 /* Release */,
			);
			defaultConfigurationIsVisible = 0;
			defaultConfigurationName = Release;
		};
/* End XCConfigurationList section */
	};
	rootObject = B59C966D2AE6614C00BE5D88 /* Project object */;
}
